
Microsoft Visual Studio Solution File, Format Version 12.00
Project("{FAE04EC0-301F-11D3-BF4B-00C04F79EFBC}") = "HexagonalMapGenerationTests", "HexagonalMapGenerationTests\HexagonalMapGenerationTests.csproj", "{AB8B8DC0-B1FE-40E8-B86F-C8CE5E343C1F}"
EndProject
Global
	GlobalSection(SolutionConfigurationPlatforms) = preSolution
		Debug|Any CPU = Debug|Any CPU
		Release|Any CPU = Release|Any CPU
	EndGlobalSection
	GlobalSection(ProjectConfigurationPlatforms) = postSolution
		{AB8B8DC0-B1FE-40E8-B86F-C8CE5E343C1F}.Debug|Any CPU.ActiveCfg = Debug|Any CPU
		{AB8B8DC0-B1FE-40E8-B86F-C8CE5E343C1F}.Debug|Any CPU.Build.0 = Debug|Any CPU
		{AB8B8DC0-B1FE-40E8-B86F-C8CE5E343C1F}.Release|Any CPU.ActiveCfg = Release|Any CPU
		{AB8B8DC0-B1FE-40E8-B86F-C8CE5E343C1F}.Release|Any CPU.Build.0 = Release|Any CPU
	EndGlobalSection
EndGlobal
